
Microsoft Visual Studio Solution File, Format Version 12.00
# Visual Studio 2012
Project("{8BC9CEB8-8B4A-11D0-8D11-00A0C91BC942}") = "My Project", "My Project\My Project.vcxproj", "{2B0BC7CE-066B-4BEA-93A3-FC21E144BB08}"
EndProject
Global
	GlobalSection(SolutionConfigurationPlatforms) = preSolution
		Debug|Win32 = Debug|Win32
		Release|Win32 = Release|Win32
	EndGlobalSection
	GlobalSection(ProjectConfigurationPlatforms) = postSolution
		{2B0BC7CE-066B-4BEA-93A3-FC21E144BB08}.Debug|Win32.ActiveCfg = Debug|Win32
		{2B0BC7CE-066B-4BEA-93A3-FC21E144BB08}.Debug|Win32.Build.0 = Debug|Win32
		{2B0BC7CE-066B-4BEA-93A3-FC21E144BB08}.Release|Win32.ActiveCfg = Release|Win32
		{2B0BC7CE-066B-4BEA-93A3-FC21E144BB08}.Release|Win32.Build.0 = Release|Win32
	EndGlobalSection
	GlobalSection(SolutionProperties) = preSolution
		HideSolutionNode = FALSE
	EndGlobalSection
EndGlobal
